
Microsoft Visual Studio Solution File, Format Version 12.00
# Visual Studio Version 17
VisualStudioVersion = 17.0.32112.339
MinimumVisualStudioVersion = 10.0.40219.1
Project("{9A19103F-16F7-4668-BE54-9A1E7A4F7556}") = "AddressBook2", "AddressBook2.csproj", "{EEFC5D3C-8AA1-4B69-992F-2952060EC984}"
EndProject
Global
	GlobalSection(SolutionConfigurationPlatforms) = preSolution
		Debug|Any CPU = Debug|Any CPU
		Release|Any CPU = Release|Any CPU
	EndGlobalSection
	GlobalSection(ProjectConfigurationPlatforms) = postSolution
		{EEFC5D3C-8AA1-4B69-992F-2952060EC984}.Debug|Any CPU.ActiveCfg = Debug|Any CPU
		{EEFC5D3C-8AA1-4B69-992F-2952060EC984}.Debug|Any CPU.Build.0 = Debug|Any CPU
		{EEFC5D3C-8AA1-4B69-992F-2952060EC984}.Release|Any CPU.ActiveCfg = Release|Any CPU
		{EEFC5D3C-8AA1-4B69-992F-2952060EC984}.Release|Any CPU.Build.0 = Release|Any CPU
	EndGlobalSection
	GlobalSection(SolutionProperties) = preSolution
		HideSolutionNode = FALSE
	EndGlobalSection
	GlobalSection(ExtensibilityGlobals) = postSolution
		SolutionGuid = {03B894E5-7F5D-411F-B7C3-1C5106F0B620}
	EndGlobalSection
EndGlobal
