
Microsoft Visual Studio Solution File, Format Version 12.00
# Visual Studio Version 17
VisualStudioVersion = 17.0.32112.339
MinimumVisualStudioVersion = 10.0.40219.1
Project("{FAE04EC0-301F-11D3-BF4B-00C04F79EFBC}") = "AddressBook2", "AddressBook2.csproj", "{5DCEE310-9179-451D-9FC8-C9668F37744A}"
EndProject
Global
	GlobalSection(SolutionConfigurationPlatforms) = preSolution
		Debug|Any CPU = Debug|Any CPU
		Release|Any CPU = Release|Any CPU
	EndGlobalSection
	GlobalSection(ProjectConfigurationPlatforms) = postSolution
		{5DCEE310-9179-451D-9FC8-C9668F37744A}.Debug|Any CPU.ActiveCfg = Debug|Any CPU
		{5DCEE310-9179-451D-9FC8-C9668F37744A}.Debug|Any CPU.Build.0 = Debug|Any CPU
		{5DCEE310-9179-451D-9FC8-C9668F37744A}.Release|Any CPU.ActiveCfg = Release|Any CPU
		{5DCEE310-9179-451D-9FC8-C9668F37744A}.Release|Any CPU.Build.0 = Release|Any CPU
	EndGlobalSection
	GlobalSection(SolutionProperties) = preSolution
		HideSolutionNode = FALSE
	EndGlobalSection
	GlobalSection(ExtensibilityGlobals) = postSolution
		SolutionGuid = {03B894E5-7F5D-411F-B7C3-1C5106F0B620}
	EndGlobalSection
EndGlobal
